
Microsoft Visual Studio Solution File, Format Version 12.00
# Visual Studio Version 17
VisualStudioVersion = 17.14.36811.4 d17.14
MinimumVisualStudioVersion = 10.0.40219.1
Project("{FAE04EC0-301F-11D3-BF4B-00C04F79EFBC}") = "RESTcup", "RESTcup\RESTcup.csproj", "{9BD01604-7E35-42F7-B107-D7D61F04FF7C}"
EndProject
Project("{FAE04EC0-301F-11D3-BF4B-00C04F79EFBC}") = "RepositoryTest", "RepositoryTest\RepositoryTest.csproj", "{077705B6-6EFF-4AE2-8334-DBF6BCAA44D3}"
EndProject
Global
	GlobalSection(SolutionConfigurationPlatforms) = preSolution
		Debug|Any CPU = Debug|Any CPU
		Release|Any CPU = Release|Any CPU
	EndGlobalSection
	GlobalSection(ProjectConfigurationPlatforms) = postSolution
		{9BD01604-7E35-42F7-B107-D7D61F04FF7C}.Debug|Any CPU.ActiveCfg = Debug|Any CPU
		{9BD01604-7E35-42F7-B107-D7D61F04FF7C}.Debug|Any CPU.Build.0 = Debug|Any CPU
		{9BD01604-7E35-42F7-B107-D7D61F04FF7C}.Release|Any CPU.ActiveCfg = Release|Any CPU
		{9BD01604-7E35-42F7-B107-D7D61F04FF7C}.Release|Any CPU.Build.0 = Release|Any CPU
		{077705B6-6EFF-4AE2-8334-DBF6BCAA44D3}.Debug|Any CPU.ActiveCfg = Debug|Any CPU
		{077705B6-6EFF-4AE2-8334-DBF6BCAA44D3}.Debug|Any CPU.Build.0 = Debug|Any CPU
		{077705B6-6EFF-4AE2-8334-DBF6BCAA44D3}.Release|Any CPU.ActiveCfg = Release|Any CPU
		{077705B6-6EFF-4AE2-8334-DBF6BCAA44D3}.Release|Any CPU.Build.0 = Release|Any CPU
	EndGlobalSection
	GlobalSection(SolutionProperties) = preSolution
		HideSolutionNode = FALSE
	EndGlobalSection
	GlobalSection(ExtensibilityGlobals) = postSolution
		SolutionGuid = {7F003D3E-9B63-4151-ADFC-2887E5478358}
	EndGlobalSection
EndGlobal
